// !$*UTF8*$!
{
	archiveVersion = 1;
	classes = {
	};
	objectVersion = 77;
	objects = {

/* Begin PBXBuildFile section */
		DA715AE42FFC14B700C0D466 /* DiskArbitration.framework in Frameworks */ = {isa = PBXBuildFile; fileRef = DA715AE32FFC14B700C0D466 /* DiskArbitration.framework */; };
		DA715AE62FFC14CA00C0D466 /* CoreFoundation.framework in Frameworks */ = {isa = PBXBuildFile; fileRef = DA715AE52FFC14C900C0D466 /* CoreFoundation.framework */; };
		DA715AF72FFD033200C0D466 /* DiskArbitration.m in Sources */ = {isa = PBXBuildFile; fileRef = DA715AF22FFD033200C0D466 /* DiskArbitration.m */; };
		DA715AF82FFD033200C0D466 /* Disk.mm in Sources */ = {isa = PBXBuildFile; fileRef = DA715AF02FFD033200C0D466 /* Disk.mm */; };
		DA715AF92FFD033200C0D466 /* DADisk.mm in Sources */ = {isa = PBXBuildFile; fileRef = DA715AEE2FFD033200C0D466 /* DADisk.mm */; };
		DA715AFA2FFD033200C0D466 /* DiskArbitrationController.mm in Sources */ = {isa = PBXBuildFile; fileRef = DA715AF42FFD033200C0D466 /* DiskArbitrationController.mm */; };
		DA715AFD2FFD052900C0D466 /* NSString+SafeUTF8String.mm in Sources */ = {isa = PBXBuildFile; fileRef = DA715AFC2FFD052900C0D466 /* NSString+SafeUTF8String.mm */; };
		DA715B002FFD0B4000C0D466 /* DADiskManagement.m in Sources */ = {isa = PBXBuildFile; fileRef = DA715AFF2FFD0B4000C0D466 /* DADiskManagement.m */; };
/* End PBXBuildFile section */

/* Begin PBXCopyFilesBuildPhase section */
		DA715AD02FFBF0F500C0D466 /* CopyFiles */ = {
			isa = PBXCopyFilesBuildPhase;
			buildActionMask = 2147483647;
			dstPath = /usr/share/man/man1/;
			dstSubfolderSpec = 0;
			files = (
			);
			runOnlyForDeploymentPostprocessing = 1;
		};
/* End PBXCopyFilesBuildPhase section */

/* Begin PBXFileReference section */
		DA715AD22FFBF0F500C0D466 /* RawDiskAccess */ = {isa = PBXFileReference; explicitFileType = "compiled.mach-o.executable"; includeInIndex = 0; path = RawDiskAccess; sourceTree = BUILT_PRODUCTS_DIR; };
		DA715ADE2FFBF13700C0D466 /* README.md */ = {isa = PBXFileReference; lastKnownFileType = net.daringfireball.markdown; path = README.md; sourceTree = "<group>"; };
		DA715AE32FFC14B700C0D466 /* DiskArbitration.framework */ = {isa = PBXFileReference; lastKnownFileType = wrapper.framework; name = DiskArbitration.framework; path = System/Library/Frameworks/DiskArbitration.framework; sourceTree = SDKROOT; };
		DA715AE52FFC14C900C0D466 /* CoreFoundation.framework */ = {isa = PBXFileReference; lastKnownFileType = wrapper.framework; name = CoreFoundation.framework; path = System/Library/Frameworks/CoreFoundation.framework; sourceTree = SDKROOT; };
		DA715AED2FFD033200C0D466 /* DADisk.h */ = {isa = PBXFileReference; lastKnownFileType = sourcecode.c.h; path = DADisk.h; sourceTree = "<group>"; };
		DA715AEE2FFD033200C0D466 /* DADisk.mm */ = {isa = PBXFileReference; lastKnownFileType = sourcecode.cpp.objcpp; path = DADisk.mm; sourceTree = "<group>"; };
		DA715AEF2FFD033200C0D466 /* Disk.h */ = {isa = PBXFileReference; lastKnownFileType = sourcecode.c.h; path = Disk.h; sourceTree = "<group>"; };
		DA715AF02FFD033200C0D466 /* Disk.mm */ = {isa = PBXFileReference; lastKnownFileType = sourcecode.cpp.objcpp; path = Disk.mm; sourceTree = "<group>"; };
		DA715AF12FFD033200C0D466 /* DiskArbitration.h */ = {isa = PBXFileReference; lastKnownFileType = sourcecode.c.h; path = DiskArbitration.h; sourceTree = "<group>"; };
		DA715AF22FFD033200C0D466 /* DiskArbitration.m */ = {isa = PBXFileReference; lastKnownFileType = sourcecode.c.objc; path = DiskArbitration.m; sourceTree = "<group>"; };
		DA715AF32FFD033200C0D466 /* DiskArbitrationController.h */ = {isa = PBXFileReference; lastKnownFileType = sourcecode.c.h; path = DiskArbitrationController.h; sourceTree = "<group>"; };
		DA715AF42FFD033200C0D466 /* DiskArbitrationController.mm */ = {isa = PBXFileReference; lastKnownFileType = sourcecode.cpp.objcpp; path = DiskArbitrationController.mm; sourceTree = "<group>"; };
		DA715AF52FFD033200C0D466 /* DiskTypes.h */ = {isa = PBXFileReference; lastKnownFileType = sourcecode.c.h; path = DiskTypes.h; sourceTree = "<group>"; };
		DA715AFB2FFD052900C0D466 /* NSString+SafeUTF8String.h */ = {isa = PBXFileReference; lastKnownFileType = sourcecode.c.h; path = "NSString+SafeUTF8String.h"; sourceTree = "<group>"; };
		DA715AFC2FFD052900C0D466 /* NSString+SafeUTF8String.mm */ = {isa = PBXFileReference; lastKnownFileType = sourcecode.cpp.objcpp; path = "NSString+SafeUTF8String.mm"; sourceTree = "<group>"; };
		DA715AFE2FFD0B4000C0D466 /* DADiskManagement.h */ = {isa = PBXFileReference; lastKnownFileType = sourcecode.c.h; path = DADiskManagement.h; sourceTree = "<group>"; };
		DA715AFF2FFD0B4000C0D466 /* DADiskManagement.m */ = {isa = PBXFileReference; lastKnownFileType = sourcecode.c.objc; path = DADiskManagement.m; sourceTree = "<group>"; };
/* End PBXFileReference section */

/* Begin PBXFileSystemSynchronizedRootGroup section */
		DA715AD42FFBF0F500C0D466 /* RawDiskAccess */ = {
			isa = PBXFileSystemSynchronizedRootGroup;
			path = RawDiskAccess;
			sourceTree = "<group>";
		};
/* End PBXFileSystemSynchronizedRootGroup section */

/* Begin PBXFrameworksBuildPhase section */
		DA715ACF2FFBF0F500C0D466 /* Frameworks */ = {
			isa = PBXFrameworksBuildPhase;
			buildActionMask = 2147483647;
			files = (
				DA715AE62FFC14CA00C0D466 /* CoreFoundation.framework in Frameworks */,
				DA715AE42FFC14B700C0D466 /* DiskArbitration.framework in Frameworks */,
			);
			runOnlyForDeploymentPostprocessing = 0;
		};
/* End PBXFrameworksBuildPhase section */

/* Begin PBXGroup section */
		DA715AC92FFBF0F500C0D466 = {
			isa = PBXGroup;
			children = (
				DA715AF62FFD033200C0D466 /* DiskArbitration */,
				DA715ADE2FFBF13700C0D466 /* README.md */,
				DA715AD42FFBF0F500C0D466 /* RawDiskAccess */,
				DA715AE22FFC14B700C0D466 /* Frameworks */,
				DA715AD32FFBF0F500C0D466 /* Products */,
			);
			sourceTree = "<group>";
		};
		DA715AD32FFBF0F500C0D466 /* Products */ = {
			isa = PBXGroup;
			children = (
				DA715AD22FFBF0F500C0D466 /* RawDiskAccess */,
			);
			name = Products;
			sourceTree = "<group>";
		};
		DA715AE22FFC14B700C0D466 /* Frameworks */ = {
			isa = PBXGroup;
			children = (
				DA715AE52FFC14C900C0D466 /* CoreFoundation.framework */,
				DA715AE32FFC14B700C0D466 /* DiskArbitration.framework */,
			);
			name = Frameworks;
			sourceTree = "<group>";
		};
		DA715AF62FFD033200C0D466 /* DiskArbitration */ = {
			isa = PBXGroup;
			children = (
				DA715AED2FFD033200C0D466 /* DADisk.h */,
				DA715AEE2FFD033200C0D466 /* DADisk.mm */,
				DA715AFE2FFD0B4000C0D466 /* DADiskManagement.h */,
				DA715AFF2FFD0B4000C0D466 /* DADiskManagement.m */,
				DA715AEF2FFD033200C0D466 /* Disk.h */,
				DA715AF02FFD033200C0D466 /* Disk.mm */,
				DA715AF12FFD033200C0D466 /* DiskArbitration.h */,
				DA715AF22FFD033200C0D466 /* DiskArbitration.m */,
				DA715AF32FFD033200C0D466 /* DiskArbitrationController.h */,
				DA715AF42FFD033200C0D466 /* DiskArbitrationController.mm */,
				DA715AF52FFD033200C0D466 /* DiskTypes.h */,
				DA715AFB2FFD052900C0D466 /* NSString+SafeUTF8String.h */,
				DA715AFC2FFD052900C0D466 /* NSString+SafeUTF8String.mm */,
			);
			path = DiskArbitration;
			sourceTree = "<group>";
		};
/* End PBXGroup section */

/* Begin PBXNativeTarget section */
		DA715AD12FFBF0F500C0D466 /* RawDiskAccess */ = {
			isa = PBXNativeTarget;
			buildConfigurationList = DA715AD92FFBF0F500C0D466 /* Build configuration list for PBXNativeTarget "RawDiskAccess" */;
			buildPhases = (
				DA715ACE2FFBF0F500C0D466 /* Sources */,
				DA715ACF2FFBF0F500C0D466 /* Frameworks */,
				DA715AD02FFBF0F500C0D466 /* CopyFiles */,
			);
			buildRules = (
			);
			dependencies = (
			);
			fileSystemSynchronizedGroups = (
				DA715AD42FFBF0F500C0D466 /* RawDiskAccess */,
			);
			name = RawDiskAccess;
			packageProductDependencies = (
			);
			productName = RawDiskAccess;
			productReference = DA715AD22FFBF0F500C0D466 /* RawDiskAccess */;
			productType = "com.apple.product-type.tool";
		};
/* End PBXNativeTarget section */

/* Begin PBXProject section */
		DA715ACA2FFBF0F500C0D466 /* Project object */ = {
			isa = PBXProject;
			attributes = {
				BuildIndependentTargetsInParallel = 1;
				LastUpgradeCheck = 2650;
				TargetAttributes = {
					DA715AD12FFBF0F500C0D466 = {
						CreatedOnToolsVersion = 26.5;
					};
				};
			};
			buildConfigurationList = DA715ACD2FFBF0F500C0D466 /* Build configuration list for PBXProject "RawDiskAccess" */;
			developmentRegion = en;
			hasScannedForEncodings = 0;
			knownRegions = (
				en,
				Base,
			);
			mainGroup = DA715AC92FFBF0F500C0D466;
			minimizedProjectReferenceProxies = 1;
			preferredProjectObjectVersion = 77;
			productRefGroup = DA715AD32FFBF0F500C0D466 /* Products */;
			projectDirPath = "";
			projectRoot = "";
			targets = (
				DA715AD12FFBF0F500C0D466 /* RawDiskAccess */,
			);
		};
/* End PBXProject section */

/* Begin PBXSourcesBuildPhase section */
		DA715ACE2FFBF0F500C0D466 /* Sources */ = {
			isa = PBXSourcesBuildPhase;
			buildActionMask = 2147483647;
			files = (
				DA715AF72FFD033200C0D466 /* DiskArbitration.m in Sources */,
				DA715B002FFD0B4000C0D466 /* DADiskManagement.m in Sources */,
				DA715AFD2FFD052900C0D466 /* NSString+SafeUTF8String.mm in Sources */,
				DA715AF82FFD033200C0D466 /* Disk.mm in Sources */,
				DA715AF92FFD033200C0D466 /* DADisk.mm in Sources */,
				DA715AFA2FFD033200C0D466 /* DiskArbitrationController.mm in Sources */,
			);
			runOnlyForDeploymentPostprocessing = 0;
		};
/* End PBXSourcesBuildPhase section */

/* Begin XCBuildConfiguration section */
		DA715AD72FFBF0F500C0D466 /* Debug */ = {
			isa = XCBuildConfiguration;
			buildSettings = {
				ALWAYS_SEARCH_USER_PATHS = NO;
				ASSETCATALOG_COMPILER_GENERATE_SWIFT_ASSET_SYMBOL_EXTENSIONS = YES;
				CLANG_ANALYZER_NONNULL = YES;
				CLANG_ANALYZER_NUMBER_OBJECT_CONVERSION = YES_AGGRESSIVE;
				CLANG_CXX_LANGUAGE_STANDARD = "gnu++20";
				CLANG_ENABLE_MODULES = YES;
				CLANG_ENABLE_OBJC_ARC = YES;
				CLANG_ENABLE_OBJC_WEAK = YES;
				CLANG_WARN_BLOCK_CAPTURE_AUTORELEASING = YES;
				CLANG_WARN_BOOL_CONVERSION = YES;
				CLANG_WARN_COMMA = YES;
				CLANG_WARN_CONSTANT_CONVERSION = YES;
				CLANG_WARN_DEPRECATED_OBJC_IMPLEMENTATIONS = YES;
				CLANG_WARN_DIRECT_OBJC_ISA_USAGE = YES_ERROR;
				CLANG_WARN_DOCUMENTATION_COMMENTS = YES;
				CLANG_WARN_EMPTY_BODY = YES;
				CLANG_WARN_ENUM_CONVERSION = YES;
				CLANG_WARN_INFINITE_RECURSION = YES;
				CLANG_WARN_INT_CONVERSION = YES;
				CLANG_WARN_NON_LITERAL_NULL_CONVERSION = YES;
				CLANG_WARN_OBJC_IMPLICIT_RETAIN_SELF = YES;
				CLANG_WARN_OBJC_LITERAL_CONVERSION = YES;
				CLANG_WARN_OBJC_ROOT_CLASS = YES_ERROR;
				CLANG_WARN_QUOTED_INCLUDE_IN_FRAMEWORK_HEADER = YES;
				CLANG_WARN_RANGE_LOOP_ANALYSIS = YES;
				CLANG_WARN_STRICT_PROTOTYPES = YES;
				CLANG_WARN_SUSPICIOUS_MOVE = YES;
				CLANG_WARN_UNGUARDED_AVAILABILITY = YES_AGGRESSIVE;
				CLANG_WARN_UNREACHABLE_CODE = YES;
				CLANG_WARN__DUPLICATE_METHOD_MATCH = YES;
				COPY_PHASE_STRIP = NO;
				DEBUG_INFORMATION_FORMAT = dwarf;
				ENABLE_STRICT_OBJC_MSGSEND = YES;
				ENABLE_TESTABILITY = YES;
				ENABLE_USER_SCRIPT_SANDBOXING = YES;
				GCC_C_LANGUAGE_STANDARD = gnu17;
				GCC_DYNAMIC_NO_PIC = NO;
				GCC_NO_COMMON_BLOCKS = YES;
				GCC_OPTIMIZATION_LEVEL = 0;
				GCC_PREPROCESSOR_DEFINITIONS = (
					"DEBUG=1",
					"$(inherited)",
				);
				GCC_WARN_64_TO_32_BIT_CONVERSION = YES;
				GCC_WARN_ABOUT_RETURN_TYPE = YES_ERROR;
				GCC_WARN_UNDECLARED_SELECTOR = YES;
				GCC_WARN_UNINITIALIZED_AUTOS = YES_AGGRESSIVE;
				GCC_WARN_UNUSED_FUNCTION = YES;
				GCC_WARN_UNUSED_VARIABLE = YES;
				LOCALIZATION_PREFERS_STRING_CATALOGS = YES;
				MACOSX_DEPLOYMENT_TARGET = 26.5;
				MTL_ENABLE_DEBUG_INFO = INCLUDE_SOURCE;
				MTL_FAST_MATH = YES;
				ONLY_ACTIVE_ARCH = YES;
				SDKROOT = macosx;
			};
			name = Debug;
		};
		DA715AD82FFBF0F500C0D466 /* Release */ = {
			isa = XCBuildConfiguration;
			buildSettings = {
				ALWAYS_SEARCH_USER_PATHS = NO;
				ASSETCATALOG_COMPILER_GENERATE_SWIFT_ASSET_SYMBOL_EXTENSIONS = YES;
				CLANG_ANALYZER_NONNULL = YES;
				CLANG_ANALYZER_NUMBER_OBJECT_CONVERSION = YES_AGGRESSIVE;
				CLANG_CXX_LANGUAGE_STANDARD = "gnu++20";
				CLANG_ENABLE_MODULES = YES;
				CLANG_ENABLE_OBJC_ARC = YES;
				CLANG_ENABLE_OBJC_WEAK = YES;
				CLANG_WARN_BLOCK_CAPTURE_AUTORELEASING = YES;
				CLANG_WARN_BOOL_CONVERSION = YES;
				CLANG_WARN_COMMA = YES;
				CLANG_WARN_CONSTANT_CONVERSION = YES;
				CLANG_WARN_DEPRECATED_OBJC_IMPLEMENTATIONS = YES;
				CLANG_WARN_DIRECT_OBJC_ISA_USAGE = YES_ERROR;
				CLANG_WARN_DOCUMENTATION_COMMENTS = YES;
				CLANG_WARN_EMPTY_BODY = YES;
				CLANG_WARN_ENUM_CONVERSION = YES;
				CLANG_WARN_INFINITE_RECURSION = YES;
				CLANG_WARN_INT_CONVERSION = YES;
				CLANG_WARN_NON_LITERAL_NULL_CONVERSION = YES;
				CLANG_WARN_OBJC_IMPLICIT_RETAIN_SELF = YES;
				CLANG_WARN_OBJC_LITERAL_CONVERSION = YES;
				CLANG_WARN_OBJC_ROOT_CLASS = YES_ERROR;
				CLANG_WARN_QUOTED_INCLUDE_IN_FRAMEWORK_HEADER = YES;
				CLANG_WARN_RANGE_LOOP_ANALYSIS = YES;
				CLANG_WARN_STRICT_PROTOTYPES = YES;
				CLANG_WARN_SUSPICIOUS_MOVE = YES;
				CLANG_WARN_UNGUARDED_AVAILABILITY = YES_AGGRESSIVE;
				CLANG_WARN_UNREACHABLE_CODE = YES;
				CLANG_WARN__DUPLICATE_METHOD_MATCH = YES;
				COPY_PHASE_STRIP = NO;
				DEBUG_INFORMATION_FORMAT = "dwarf-with-dsym";
				ENABLE_NS_ASSERTIONS = NO;
				ENABLE_STRICT_OBJC_MSGSEND = YES;
				ENABLE_USER_SCRIPT_SANDBOXING = YES;
				GCC_C_LANGUAGE_STANDARD = gnu17;
				GCC_NO_COMMON_BLOCKS = YES;
				GCC_WARN_64_TO_32_BIT_CONVERSION = YES;
				GCC_WARN_ABOUT_RETURN_TYPE = YES_ERROR;
				GCC_WARN_UNDECLARED_SELECTOR = YES;
				GCC_WARN_UNINITIALIZED_AUTOS = YES_AGGRESSIVE;
				GCC_WARN_UNUSED_FUNCTION = YES;
				GCC_WARN_UNUSED_VARIABLE = YES;
				LOCALIZATION_PREFERS_STRING_CATALOGS = YES;
				MACOSX_DEPLOYMENT_TARGET = 26.5;
				MTL_ENABLE_DEBUG_INFO = NO;
				MTL_FAST_MATH = YES;
				SDKROOT = macosx;
			};
			name = Release;
		};
		DA715ADA2FFBF0F500C0D466 /* Debug */ = {
			isa = XCBuildConfiguration;
			buildSettings = {
				CODE_SIGN_STYLE = Automatic;
				PRODUCT_NAME = "$(TARGET_NAME)";
			};
			name = Debug;
		};
		DA715ADB2FFBF0F500C0D466 /* Release */ = {
			isa = XCBuildConfiguration;
			buildSettings = {
				CODE_SIGN_STYLE = Automatic;
				PRODUCT_NAME = "$(TARGET_NAME)";
			};
			name = Release;
		};
/* End XCBuildConfiguration section */

/* Begin XCConfigurationList section */
		DA715ACD2FFBF0F500C0D466 /* Build configuration list for PBXProject "RawDiskAccess" */ = {
			isa = XCConfigurationList;
			buildConfigurations = (
				DA715AD72FFBF0F500C0D466 /* Debug */,
				DA715AD82FFBF0F500C0D466 /* Release */,
			);
			defaultConfigurationIsVisible = 0;
			defaultConfigurationName = Release;
		};
		DA715AD92FFBF0F500C0D466 /* Build configuration list for PBXNativeTarget "RawDiskAccess" */ = {
			isa = XCConfigurationList;
			buildConfigurations = (
				DA715ADA2FFBF0F500C0D466 /* Debug */,
				DA715ADB2FFBF0F500C0D466 /* Release */,
			);
			defaultConfigurationIsVisible = 0;
			defaultConfigurationName = Release;
		};
/* End XCConfigurationList section */
	};
	rootObject = DA715ACA2FFBF0F500C0D466 /* Project object */;
}
